github.com/domainry/domainry-connector-sdk v0.1.0-dev.13 h1:n70Q4glFP/Cu52lhNSoMBLmnjIIC9N5Fu6VAXkAAt6M=
github.com/domainry/domainry-connector-sdk v0.1.0-dev.13/go.mod h1:y3YMg09XmWCuxyIeYb1d4xC4AkFmqGWbrm+OaumeyY8=
github.com/domainry/domainry-orm v0.1.25 h1:Q/FRU/3sbJU6G2lnZ1laufD+7k2hwDtHzakQd4h6oq0=
github.com/domainry/domainry-orm v0.1.25/go.mod h1:NKMojLuridkYCS4i5L7BO7LMTMsf/uOkWQ9OQ+9Vdn4=
